# THIS IS AN AUTOGENERATED FILE. DO NOT EDIT THIS FILE DIRECTLY.
# yarn lockfile v1


hyperapp@^2.0.22:
  version "2.0.22"
  resolved "https://registry.yarnpkg.com/hyperapp/-/hyperapp-2.0.22.tgz#b12b0be2dc56bd7e7df6dd20780ebfc34010dca6"
  integrity sha512-3uf9HjnjrhbfykowFNEObZewBEo4DXJIM+9FnGkiR9E4H2eh2f921SzMCMS69X5nN3A7KFfmZc9KCKh/7TQBFA==
